
Microsoft Visual Studio Solution File, Format Version 12.00
# Visual Studio Version 17
VisualStudioVersion = 17.7.34024.191
MinimumVisualStudioVersion = 10.0.40219.1
Project("{FAE04EC0-301F-11D3-BF4B-00C04F79EFBC}") = "lab 10", "lab 10.csproj", "{5EC66AA4-5272-4CF2-8109-14E96E8B4B19}"
EndProject
Global
	GlobalSection(SolutionConfigurationPlatforms) = preSolution
		Debug|Any CPU = Debug|Any CPU
		Release|Any CPU = Release|Any CPU
	EndGlobalSection
	GlobalSection(ProjectConfigurationPlatforms) = postSolution
		{5EC66AA4-5272-4CF2-8109-14E96E8B4B19}.Debug|Any CPU.ActiveCfg = Debug|Any CPU
		{5EC66AA4-5272-4CF2-8109-14E96E8B4B19}.Debug|Any CPU.Build.0 = Debug|Any CPU
		{5EC66AA4-5272-4CF2-8109-14E96E8B4B19}.Release|Any CPU.ActiveCfg = Release|Any CPU
		{5EC66AA4-5272-4CF2-8109-14E96E8B4B19}.Release|Any CPU.Build.0 = Release|Any CPU
	EndGlobalSection
	GlobalSection(SolutionProperties) = preSolution
		HideSolutionNode = FALSE
	EndGlobalSection
	GlobalSection(ExtensibilityGlobals) = postSolution
		SolutionGuid = {4017D7E0-F9BF-4A4D-A32A-ED485326D12B}
	EndGlobalSection
EndGlobal
